
Microsoft Visual Studio Solution File, Format Version 12.00
# Visual Studio 15
VisualStudioVersion = 15.0.28307.168
MinimumVisualStudioVersion = 10.0.40219.1
Project("{FAE04EC0-301F-11D3-BF4B-00C04F79EFBC}") = "MyImageClient", "MyImageClient\MyImageClient.csproj", "{53A3CB8E-B72E-431C-A46F-B6F5E8DA99FF}"
EndProject
Project("{FAE04EC0-301F-11D3-BF4B-00C04F79EFBC}") = "MyImageService", "MyImageService\MyImageService.csproj", "{B0074CB7-AC2A-4FA5-BAD6-CB8574506B0A}"
EndProject
Project("{FAE04EC0-301F-11D3-BF4B-00C04F79EFBC}") = "MyImageData", "MyImageData\MyImageData.csproj", "{3D728611-EE0D-4C5A-AE03-F9E266C31AD0}"
EndProject
Global
	GlobalSection(SolutionConfigurationPlatforms) = preSolution
		Debug|Any CPU = Debug|Any CPU
		Release|Any CPU = Release|Any CPU
	EndGlobalSection
	GlobalSection(ProjectConfigurationPlatforms) = postSolution
		{53A3CB8E-B72E-431C-A46F-B6F5E8DA99FF}.Debug|Any CPU.ActiveCfg = Debug|Any CPU
		{53A3CB8E-B72E-431C-A46F-B6F5E8DA99FF}.Debug|Any CPU.Build.0 = Debug|Any CPU
		{53A3CB8E-B72E-431C-A46F-B6F5E8DA99FF}.Release|Any CPU.ActiveCfg = Release|Any CPU
		{53A3CB8E-B72E-431C-A46F-B6F5E8DA99FF}.Release|Any CPU.Build.0 = Release|Any CPU
		{B0074CB7-AC2A-4FA5-BAD6-CB8574506B0A}.Debug|Any CPU.ActiveCfg = Debug|Any CPU
		{B0074CB7-AC2A-4FA5-BAD6-CB8574506B0A}.Debug|Any CPU.Build.0 = Debug|Any CPU
		{B0074CB7-AC2A-4FA5-BAD6-CB8574506B0A}.Release|Any CPU.ActiveCfg = Release|Any CPU
		{B0074CB7-AC2A-4FA5-BAD6-CB8574506B0A}.Release|Any CPU.Build.0 = Release|Any CPU
		{3D728611-EE0D-4C5A-AE03-F9E266C31AD0}.Debug|Any CPU.ActiveCfg = Debug|Any CPU
		{3D728611-EE0D-4C5A-AE03-F9E266C31AD0}.Debug|Any CPU.Build.0 = Debug|Any CPU
		{3D728611-EE0D-4C5A-AE03-F9E266C31AD0}.Release|Any CPU.ActiveCfg = Release|Any CPU
		{3D728611-EE0D-4C5A-AE03-F9E266C31AD0}.Release|Any CPU.Build.0 = Release|Any CPU
	EndGlobalSection
	GlobalSection(SolutionProperties) = preSolution
		HideSolutionNode = FALSE
	EndGlobalSection
	GlobalSection(ExtensibilityGlobals) = postSolution
		SolutionGuid = {F582C0A2-25D8-4643-B1AE-4870AA8B93BD}
	EndGlobalSection
EndGlobal
